
Microsoft Visual Studio Solution File, Format Version 12.00
# Visual Studio Version 17
VisualStudioVersion = 17.3.32929.385
MinimumVisualStudioVersion = 10.0.40219.1
Project("{FAE04EC0-301F-11D3-BF4B-00C04F79EFBC}") = "WebApplication1", "WebApplication1\WebApplication1.csproj", "{978DEC13-0A15-4BFB-8A13-7F7A4CC386CC}"
EndProject
Global
	GlobalSection(SolutionConfigurationPlatforms) = preSolution
		Debug|Any CPU = Debug|Any CPU
		Release|Any CPU = Release|Any CPU
	EndGlobalSection
	GlobalSection(ProjectConfigurationPlatforms) = postSolution
		{978DEC13-0A15-4BFB-8A13-7F7A4CC386CC}.Debug|Any CPU.ActiveCfg = Debug|Any CPU
		{978DEC13-0A15-4BFB-8A13-7F7A4CC386CC}.Debug|Any CPU.Build.0 = Debug|Any CPU
		{978DEC13-0A15-4BFB-8A13-7F7A4CC386CC}.Release|Any CPU.ActiveCfg = Release|Any CPU
		{978DEC13-0A15-4BFB-8A13-7F7A4CC386CC}.Release|Any CPU.Build.0 = Release|Any CPU
	EndGlobalSection
	GlobalSection(SolutionProperties) = preSolution
		HideSolutionNode = FALSE
	EndGlobalSection
	GlobalSection(ExtensibilityGlobals) = postSolution
		SolutionGuid = {4ACEC4C6-56B5-4453-BD41-0FB70B85055C}
	EndGlobalSection
EndGlobal
